# This file is automatically @generated by Cargo.
# It is not intended for manual editing.
version = 4

[[package]]
name = "sp-broker"
version = "0.1.0"

[[package]]
name = "sp-evidence"
version = "0.1.0"

[[package]]
name = "sp-gix"
version = "0.1.0"

[[package]]
name = "sp-guard"
version = "0.1.0"

[[package]]
name = "sp-installer"
version = "0.1.0"

[[package]]
name = "sp-launcher"
version = "0.1.0"

[[package]]
name = "sp-operate"
version = "0.1.0"

[[package]]
name = "sp-safegit"
version = "0.1.0"

[[package]]
name = "sp-schema"
version = "0.1.0"

[[package]]
name = "sp-state"
version = "0.1.0"

[[package]]
name = "sp-supervisor"
version = "0.1.0"
